github.com/hashicorp/go-set/v3 v3.0.1 h1:ZwO15ZYmIrFYL9zSm2wBuwcRiHxVdp46m/XA/MUlM6I=
github.com/hashicorp/go-set/v3 v3.0.1/go.mod h1:0oPQqhtitglZeT2ZiWnRIfUG6gJAHnn7LzrS7SbgNY4=
github.com/mattn/go-sqlite3 v1.14.32 h1:JD12Ag3oLy1zQA+BNn74xRgaBbdhbNIDYvQUEuuErjs=
github.com/mattn/go-sqlite3 v1.14.32/go.mod h1:Uh1q+B4BYcTPb+yiD3kU8Ct7aC0hY9fxUwlHK0RXw+Y=
